
Microsoft Visual Studio Solution File, Format Version 12.00
# Visual Studio Version 16
VisualStudioVersion = 16.0.31424.327
MinimumVisualStudioVersion = 10.0.40219.1
Project("{2150E333-8FDC-42A3-9474-1A3956D46DE8}") = "1.ApiGateways", "1.ApiGateways", "{606CC73B-C7C6-46C5-BFD2-713A887B1558}"
EndProject
Project("{2150E333-8FDC-42A3-9474-1A3956D46DE8}") = "2.BuildingBlocks", "2.BuildingBlocks", "{35705584-88B1-4C48-A164-59B547BD22D1}"
EndProject
Project("{2150E333-8FDC-42A3-9474-1A3956D46DE8}") = "3.Presentations", "3.Presentations", "{45784511-0916-4B41-B3D5-2DF4E81CD410}"
EndProject
Project("{2150E333-8FDC-42A3-9474-1A3956D46DE8}") = "4.Services", "4.Services", "{E9D8FCD0-E366-430A-A8D2-B30FDAE66E9B}"
EndProject
Project("{2150E333-8FDC-42A3-9474-1A3956D46DE8}") = "4.1.Auth", "4.1.Auth", "{B44E2467-1A90-4763-A5F2-43EEC44AFAB1}"
EndProject
Project("{9A19103F-16F7-4668-BE54-9A1E7A4F7556}") = "Universal.EBI.Auth.API", "src\Services\Auth\Universal.EBI.Auth.API\Universal.EBI.Auth.API.csproj", "{7A396FBD-AC00-4047-ABEA-2840FEEB23CA}"
EndProject
Project("{2150E333-8FDC-42A3-9474-1A3956D46DE8}") = "3.1.WebApp", "3.1.WebApp", "{03FD6500-BDBC-4E52-82B4-B10027435E4B}"
EndProject
Project("{9A19103F-16F7-4668-BE54-9A1E7A4F7556}") = "Universal.EBI.MVC", "src\Presentations\WebApp\Universal.EBI.MVC\Universal.EBI.MVC.csproj", "{B4D267F9-8BBF-4D00-92CF-278C263018F2}"
EndProject
Project("{2150E333-8FDC-42A3-9474-1A3956D46DE8}") = "1.1.BFF.Report", "1.1.BFF.Report", "{5E8FD5F1-70F7-455E-8A96-DAB3613607A3}"
EndProject
Project("{9A19103F-16F7-4668-BE54-9A1E7A4F7556}") = "Universal.EBI.BFF.Report.API", "src\ApiGateways\BFF.Report\Universal.EBI.BFF.Report.API\Universal.EBI.BFF.Report.API.csproj", "{8825ABCC-24BE-4038-A624-188D13D3DD91}"
EndProject
Project("{2150E333-8FDC-42A3-9474-1A3956D46DE8}") = "2.1.Core", "2.1.Core", "{5161FA55-F34C-4031-AFBC-BDE7007BB0E0}"
EndProject
Project("{9A19103F-16F7-4668-BE54-9A1E7A4F7556}") = "Universal.EBI.Core", "src\BuildingBlocks\Core\Universal.EBI.Core\Universal.EBI.Core.csproj", "{21443BFB-ECCC-4CBB-B884-92FB775D1227}"
EndProject
Project("{2150E333-8FDC-42A3-9474-1A3956D46DE8}") = "2.2.MessageBus", "2.2.MessageBus", "{A75F2895-1F41-4FB2-94D7-ED090CE50ABD}"
EndProject
Project("{2150E333-8FDC-42A3-9474-1A3956D46DE8}") = "2.3.Services", "2.3.Services", "{2DCA83F5-418C-41B6-85C9-185B4907CB36}"
EndProject
Project("{9A19103F-16F7-4668-BE54-9A1E7A4F7556}") = "Universal.EBI.MessageBus", "src\BuildingBlocks\MessageBus\Universal.EBI.MessageBus\Universal.EBI.MessageBus.csproj", "{CC4989E7-8DE1-4F86-AAE5-83C21E05FA57}"
EndProject
Project("{9A19103F-16F7-4668-BE54-9A1E7A4F7556}") = "Universal.EBI.WebAPI.Core", "src\BuildingBlocks\Services\Universal.EBI.WebAPI.Core\Universal.EBI.WebAPI.Core.csproj", "{641402A5-5A02-4EE0-ABE5-00CC810FB779}"
EndProject
Project("{2150E333-8FDC-42A3-9474-1A3956D46DE8}") = "4.2.Educators", "4.2.Educators", "{8533703A-50C4-47C3-AABB-B58482A28422}"
EndProject
Project("{9A19103F-16F7-4668-BE54-9A1E7A4F7556}") = "Universal.EBI.Educators.API", "src\Services\Educators\Universal.EBI.Educators.API\Universal.EBI.Educators.API.csproj", "{5BE6B611-5BC6-4042-8330-0AD91AAECF09}"
EndProject
Project("{2150E333-8FDC-42A3-9474-1A3956D46DE8}") = "4.3.Responsibles", "4.3.Responsibles", "{5D83A4F8-77DC-4D96-9D30-2F35500246A7}"
EndProject
Project("{9A19103F-16F7-4668-BE54-9A1E7A4F7556}") = "Universal.EBI.Responsible.API", "src\Services\Responsible\Universal.EBI.Responsible.API\Universal.EBI.Responsible.API.csproj", "{0DE1419F-9FD7-4DA5-82E4-772CB7185484}"
EndProject
Project("{2150E333-8FDC-42A3-9474-1A3956D46DE8}") = "4.4.Childs", "4.4.Childs", "{AD1B4325-D477-4337-81F9-7D6029E246E6}"
EndProject
Project("{9A19103F-16F7-4668-BE54-9A1E7A4F7556}") = "Universal.EBI.Childs.API", "src\Services\Childs\Universal.EBI.Childs.API\Universal.EBI.Childs.API.csproj", "{63DA44EA-96A2-45DB-B5B0-A02F344F8BCB}"
EndProject
Project("{2150E333-8FDC-42A3-9474-1A3956D46DE8}") = "4.5.Reports", "4.5.Reports", "{F7B40E43-35C4-458C-973C-487A82D9A030}"
EndProject
Project("{9A19103F-16F7-4668-BE54-9A1E7A4F7556}") = "Universal.EBI.Reports.API", "src\Services\Reports\Universal.EBI.Reports.API\Universal.EBI.Reports.API.csproj", "{4412305F-AD69-4C72-9699-FA5B494131D5}"
EndProject
Project("{2150E333-8FDC-42A3-9474-1A3956D46DE8}") = "4.6.Basket", "4.6.Basket", "{6C14AF35-E0AE-434C-9687-262BFF36B1F7}"
EndProject
Project("{9A19103F-16F7-4668-BE54-9A1E7A4F7556}") = "Universal.EBI.Basket.API", "src\Services\Basket\Universal.EBI.Basket.API\Universal.EBI.Basket.API.csproj", "{97156C99-1372-456D-8746-C1277E920A1F}"
EndProject
Project("{2150E333-8FDC-42A3-9474-1A3956D46DE8}") = "4.7.ClassRoom", "4.7.ClassRoom", "{E93C512E-6031-4AAE-8B3C-D7B538A7E904}"
EndProject
Project("{9A19103F-16F7-4668-BE54-9A1E7A4F7556}") = "Universal.EBI.Classroom.API", "src\Services\Classroom\Universal.EBI.Classroom.API\Universal.EBI.Classroom.API.csproj", "{EBA31504-D836-42C4-AEEA-9EC2EFFF10B0}"
EndProject
Global
	GlobalSection(SolutionConfigurationPlatforms) = preSolution
		Debug|Any CPU = Debug|Any CPU
		Release|Any CPU = Release|Any CPU
	EndGlobalSection
	GlobalSection(ProjectConfigurationPlatforms) = postSolution
		{7A396FBD-AC00-4047-ABEA-2840FEEB23CA}.Debug|Any CPU.ActiveCfg = Debug|Any CPU
		{7A396FBD-AC00-4047-ABEA-2840FEEB23CA}.Debug|Any CPU.Build.0 = Debug|Any CPU
		{7A396FBD-AC00-4047-ABEA-2840FEEB23CA}.Release|Any CPU.ActiveCfg = Release|Any CPU
		{7A396FBD-AC00-4047-ABEA-2840FEEB23CA}.Release|Any CPU.Build.0 = Release|Any CPU
		{B4D267F9-8BBF-4D00-92CF-278C263018F2}.Debug|Any CPU.ActiveCfg = Debug|Any CPU
		{B4D267F9-8BBF-4D00-92CF-278C263018F2}.Debug|Any CPU.Build.0 = Debug|Any CPU
		{B4D267F9-8BBF-4D00-92CF-278C263018F2}.Release|Any CPU.ActiveCfg = Release|Any CPU
		{B4D267F9-8BBF-4D00-92CF-278C263018F2}.Release|Any CPU.Build.0 = Release|Any CPU
		{8825ABCC-24BE-4038-A624-188D13D3DD91}.Debug|Any CPU.ActiveCfg = Debug|Any CPU
		{8825ABCC-24BE-4038-A624-188D13D3DD91}.Debug|Any CPU.Build.0 = Debug|Any CPU
		{8825ABCC-24BE-4038-A624-188D13D3DD91}.Release|Any CPU.ActiveCfg = Release|Any CPU
		{8825ABCC-24BE-4038-A624-188D13D3DD91}.Release|Any CPU.Build.0 = Release|Any CPU
		{21443BFB-ECCC-4CBB-B884-92FB775D1227}.Debug|Any CPU.ActiveCfg = Debug|Any CPU
		{21443BFB-ECCC-4CBB-B884-92FB775D1227}.Debug|Any CPU.Build.0 = Debug|Any CPU
		{21443BFB-ECCC-4CBB-B884-92FB775D1227}.Release|Any CPU.ActiveCfg = Release|Any CPU
		{21443BFB-ECCC-4CBB-B884-92FB775D1227}.Release|Any CPU.Build.0 = Release|Any CPU
		{CC4989E7-8DE1-4F86-AAE5-83C21E05FA57}.Debug|Any CPU.ActiveCfg = Debug|Any CPU
		{CC4989E7-8DE1-4F86-AAE5-83C21E05FA57}.Debug|Any CPU.Build.0 = Debug|Any CPU
		{CC4989E7-8DE1-4F86-AAE5-83C21E05FA57}.Release|Any CPU.ActiveCfg = Release|Any CPU
		{CC4989E7-8DE1-4F86-AAE5-83C21E05FA57}.Release|Any CPU.Build.0 = Release|Any CPU
		{641402A5-5A02-4EE0-ABE5-00CC810FB779}.Debug|Any CPU.ActiveCfg = Debug|Any CPU
		{641402A5-5A02-4EE0-ABE5-00CC810FB779}.Debug|Any CPU.Build.0 = Debug|Any CPU
		{641402A5-5A02-4EE0-ABE5-00CC810FB779}.Release|Any CPU.ActiveCfg = Release|Any CPU
		{641402A5-5A02-4EE0-ABE5-00CC810FB779}.Release|Any CPU.Build.0 = Release|Any CPU
		{5BE6B611-5BC6-4042-8330-0AD91AAECF09}.Debug|Any CPU.ActiveCfg = Debug|Any CPU
		{5BE6B611-5BC6-4042-8330-0AD91AAECF09}.Debug|Any CPU.Build.0 = Debug|Any CPU
		{5BE6B611-5BC6-4042-8330-0AD91AAECF09}.Release|Any CPU.ActiveCfg = Release|Any CPU
		{5BE6B611-5BC6-4042-8330-0AD91AAECF09}.Release|Any CPU.Build.0 = Release|Any CPU
		{0DE1419F-9FD7-4DA5-82E4-772CB7185484}.Debug|Any CPU.ActiveCfg = Debug|Any CPU
		{0DE1419F-9FD7-4DA5-82E4-772CB7185484}.Debug|Any CPU.Build.0 = Debug|Any CPU
		{0DE1419F-9FD7-4DA5-82E4-772CB7185484}.Release|Any CPU.ActiveCfg = Release|Any CPU
		{0DE1419F-9FD7-4DA5-82E4-772CB7185484}.Release|Any CPU.Build.0 = Release|Any CPU
		{63DA44EA-96A2-45DB-B5B0-A02F344F8BCB}.Debug|Any CPU.ActiveCfg = Debug|Any CPU
		{63DA44EA-96A2-45DB-B5B0-A02F344F8BCB}.Debug|Any CPU.Build.0 = Debug|Any CPU
		{63DA44EA-96A2-45DB-B5B0-A02F344F8BCB}.Release|Any CPU.ActiveCfg = Release|Any CPU
		{63DA44EA-96A2-45DB-B5B0-A02F344F8BCB}.Release|Any CPU.Build.0 = Release|Any CPU
		{4412305F-AD69-4C72-9699-FA5B494131D5}.Debug|Any CPU.ActiveCfg = Debug|Any CPU
		{4412305F-AD69-4C72-9699-FA5B494131D5}.Debug|Any CPU.Build.0 = Debug|Any CPU
		{4412305F-AD69-4C72-9699-FA5B494131D5}.Release|Any CPU.ActiveCfg = Release|Any CPU
		{4412305F-AD69-4C72-9699-FA5B494131D5}.Release|Any CPU.Build.0 = Release|Any CPU
		{97156C99-1372-456D-8746-C1277E920A1F}.Debug|Any CPU.ActiveCfg = Debug|Any CPU
		{97156C99-1372-456D-8746-C1277E920A1F}.Debug|Any CPU.Build.0 = Debug|Any CPU
		{97156C99-1372-456D-8746-C1277E920A1F}.Release|Any CPU.ActiveCfg = Release|Any CPU
		{97156C99-1372-456D-8746-C1277E920A1F}.Release|Any CPU.Build.0 = Release|Any CPU
		{EBA31504-D836-42C4-AEEA-9EC2EFFF10B0}.Debug|Any CPU.ActiveCfg = Debug|Any CPU
		{EBA31504-D836-42C4-AEEA-9EC2EFFF10B0}.Debug|Any CPU.Build.0 = Debug|Any CPU
		{EBA31504-D836-42C4-AEEA-9EC2EFFF10B0}.Release|Any CPU.ActiveCfg = Release|Any CPU
		{EBA31504-D836-42C4-AEEA-9EC2EFFF10B0}.Release|Any CPU.Build.0 = Release|Any CPU
	EndGlobalSection
	GlobalSection(SolutionProperties) = preSolution
		HideSolutionNode = FALSE
	EndGlobalSection
	GlobalSection(NestedProjects) = preSolution
		{B44E2467-1A90-4763-A5F2-43EEC44AFAB1} = {E9D8FCD0-E366-430A-A8D2-B30FDAE66E9B}
		{7A396FBD-AC00-4047-ABEA-2840FEEB23CA} = {B44E2467-1A90-4763-A5F2-43EEC44AFAB1}
		{03FD6500-BDBC-4E52-82B4-B10027435E4B} = {45784511-0916-4B41-B3D5-2DF4E81CD410}
		{B4D267F9-8BBF-4D00-92CF-278C263018F2} = {03FD6500-BDBC-4E52-82B4-B10027435E4B}
		{5E8FD5F1-70F7-455E-8A96-DAB3613607A3} = {606CC73B-C7C6-46C5-BFD2-713A887B1558}
		{8825ABCC-24BE-4038-A624-188D13D3DD91} = {5E8FD5F1-70F7-455E-8A96-DAB3613607A3}
		{5161FA55-F34C-4031-AFBC-BDE7007BB0E0} = {35705584-88B1-4C48-A164-59B547BD22D1}
		{21443BFB-ECCC-4CBB-B884-92FB775D1227} = {5161FA55-F34C-4031-AFBC-BDE7007BB0E0}
		{A75F2895-1F41-4FB2-94D7-ED090CE50ABD} = {35705584-88B1-4C48-A164-59B547BD22D1}
		{2DCA83F5-418C-41B6-85C9-185B4907CB36} = {35705584-88B1-4C48-A164-59B547BD22D1}
		{CC4989E7-8DE1-4F86-AAE5-83C21E05FA57} = {A75F2895-1F41-4FB2-94D7-ED090CE50ABD}
		{641402A5-5A02-4EE0-ABE5-00CC810FB779} = {2DCA83F5-418C-41B6-85C9-185B4907CB36}
		{8533703A-50C4-47C3-AABB-B58482A28422} = {E9D8FCD0-E366-430A-A8D2-B30FDAE66E9B}
		{5BE6B611-5BC6-4042-8330-0AD91AAECF09} = {8533703A-50C4-47C3-AABB-B58482A28422}
		{5D83A4F8-77DC-4D96-9D30-2F35500246A7} = {E9D8FCD0-E366-430A-A8D2-B30FDAE66E9B}
		{0DE1419F-9FD7-4DA5-82E4-772CB7185484} = {5D83A4F8-77DC-4D96-9D30-2F35500246A7}
		{AD1B4325-D477-4337-81F9-7D6029E246E6} = {E9D8FCD0-E366-430A-A8D2-B30FDAE66E9B}
		{63DA44EA-96A2-45DB-B5B0-A02F344F8BCB} = {AD1B4325-D477-4337-81F9-7D6029E246E6}
		{F7B40E43-35C4-458C-973C-487A82D9A030} = {E9D8FCD0-E366-430A-A8D2-B30FDAE66E9B}
		{4412305F-AD69-4C72-9699-FA5B494131D5} = {F7B40E43-35C4-458C-973C-487A82D9A030}
		{6C14AF35-E0AE-434C-9687-262BFF36B1F7} = {E9D8FCD0-E366-430A-A8D2-B30FDAE66E9B}
		{97156C99-1372-456D-8746-C1277E920A1F} = {6C14AF35-E0AE-434C-9687-262BFF36B1F7}
		{E93C512E-6031-4AAE-8B3C-D7B538A7E904} = {E9D8FCD0-E366-430A-A8D2-B30FDAE66E9B}
		{EBA31504-D836-42C4-AEEA-9EC2EFFF10B0} = {E93C512E-6031-4AAE-8B3C-D7B538A7E904}
	EndGlobalSection
	GlobalSection(ExtensibilityGlobals) = postSolution
		SolutionGuid = {1D5E8FEC-7466-45DD-8400-2AB4DBD8C907}
	EndGlobalSection
EndGlobal
